// !$*UTF8*$!
{
	archiveVersion = 1;
	classes = {
	};
	objectVersion = 50;
	objects = {

/* Begin PBXBuildFile section */
		900887AF2293D3740036A49C /* NSMutableArray+TFCrashSafe.m in Sources */ = {isa = PBXBuildFile; fileRef = 900887AE2293D3740036A49C /* NSMutableArray+TFCrashSafe.m */; };
		900887B22293D3CF0036A49C /* NSDictionary+TFCrashSafe.m in Sources */ = {isa = PBXBuildFile; fileRef = 900887B12293D3CF0036A49C /* NSDictionary+TFCrashSafe.m */; };
		900887B52293D3DA0036A49C /* NSMutableDictionary+TFCrashSafe.m in Sources */ = {isa = PBXBuildFile; fileRef = 900887B42293D3DA0036A49C /* NSMutableDictionary+TFCrashSafe.m */; };
		900887B82293DA070036A49C /* NSString+TFCrashSafe.m in Sources */ = {isa = PBXBuildFile; fileRef = 900887B72293DA070036A49C /* NSString+TFCrashSafe.m */; };
		900887E7229410170036A49C /* NSObject+UnrecognizedSelector.m in Sources */ = {isa = PBXBuildFile; fileRef = 900887E6229410170036A49C /* NSObject+UnrecognizedSelector.m */; };
		900DCCD922962C90009545EA /* UIView+TFUICrashSafe.m in Sources */ = {isa = PBXBuildFile; fileRef = 900DCCD822962C90009545EA /* UIView+TFUICrashSafe.m */; };
		903F52A72295181100990586 /* NSNotificationCenter+TFCrashSafe.m in Sources */ = {isa = PBXBuildFile; fileRef = 903F52A62295181100990586 /* NSNotificationCenter+TFCrashSafe.m */; };
		903F52AA22951AE700990586 /* NSObject+TFDeallocSafe.m in Sources */ = {isa = PBXBuildFile; fileRef = 903F52A922951AE700990586 /* NSObject+TFDeallocSafe.m */; };
		9045F3AB22966865001B0C6B /* TFCrashSafeKitManager.m in Sources */ = {isa = PBXBuildFile; fileRef = 9045F3AA22966865001B0C6B /* TFCrashSafeKitManager.m */; };
		90ADEBCC2294E912008A60E4 /* NSObject+TFKVOSafe.m in Sources */ = {isa = PBXBuildFile; fileRef = 90ADEBCB2294E912008A60E4 /* NSObject+TFKVOSafe.m */; };
		90AFB02A22952F4100A75E7D /* NSTimer+TFCrashSafe.m in Sources */ = {isa = PBXBuildFile; fileRef = 90AFB02922952F4100A75E7D /* NSTimer+TFCrashSafe.m */; };
		90C53FA52293A29D001D4240 /* AppDelegate.m in Sources */ = {isa = PBXBuildFile; fileRef = 90C53FA42293A29D001D4240 /* AppDelegate.m */; };
		90C53FA82293A29D001D4240 /* ViewController.m in Sources */ = {isa = PBXBuildFile; fileRef = 90C53FA72293A29D001D4240 /* ViewController.m */; };
		90C53FAB2293A29D001D4240 /* Main.storyboard in Resources */ = {isa = PBXBuildFile; fileRef = 90C53FA92293A29D001D4240 /* Main.storyboard */; };
		90C53FAD2293A29E001D4240 /* Assets.xcassets in Resources */ = {isa = PBXBuildFile; fileRef = 90C53FAC2293A29E001D4240 /* Assets.xcassets */; };
		90C53FB02293A29E001D4240 /* LaunchScreen.storyboard in Resources */ = {isa = PBXBuildFile; fileRef = 90C53FAE2293A29E001D4240 /* LaunchScreen.storyboard */; };
		90C53FB32293A29E001D4240 /* main.m in Sources */ = {isa = PBXBuildFile; fileRef = 90C53FB22293A29E001D4240 /* main.m */; };
		90C53FBE2293A391001D4240 /* TFMethodExchange.m in Sources */ = {isa = PBXBuildFile; fileRef = 90C53FBD2293A391001D4240 /* TFMethodExchange.m */; };
		90C53FC12293AB8E001D4240 /* NSArray+TFCrashSafe.m in Sources */ = {isa = PBXBuildFile; fileRef = 90C53FC02293AB8E001D4240 /* NSArray+TFCrashSafe.m */; };
		90CEE7712294FEE3006619D8 /* TestUIViewController.m in Sources */ = {isa = PBXBuildFile; fileRef = 90CEE7702294FEE3006619D8 /* TestUIViewController.m */; };
		EA22BF6606EDA5DEB2AEC236 /* libPods-TFCrashSafeKit.a in Frameworks */ = {isa = PBXBuildFile; fileRef = AFEABC2A2F4F103A00C63C26 /* libPods-TFCrashSafeKit.a */; };
/* End PBXBuildFile section */

/* Begin PBXFileReference section */
		900887AD2293D3740036A49C /* NSMutableArray+TFCrashSafe.h */ = {isa = PBXFileReference; lastKnownFileType = sourcecode.c.h; path = "NSMutableArray+TFCrashSafe.h"; sourceTree = "<group>"; };
		900887AE2293D3740036A49C /* NSMutableArray+TFCrashSafe.m */ = {isa = PBXFileReference; lastKnownFileType = sourcecode.c.objc; path = "NSMutableArray+TFCrashSafe.m"; sourceTree = "<group>"; };
		900887B02293D3CF0036A49C /* NSDictionary+TFCrashSafe.h */ = {isa = PBXFileReference; lastKnownFileType = sourcecode.c.h; path = "NSDictionary+TFCrashSafe.h"; sourceTree = "<group>"; };
		900887B12293D3CF0036A49C /* NSDictionary+TFCrashSafe.m */ = {isa = PBXFileReference; lastKnownFileType = sourcecode.c.objc; path = "NSDictionary+TFCrashSafe.m"; sourceTree = "<group>"; };
		900887B32293D3DA0036A49C /* NSMutableDictionary+TFCrashSafe.h */ = {isa = PBXFileReference; lastKnownFileType = sourcecode.c.h; path = "NSMutableDictionary+TFCrashSafe.h"; sourceTree = "<group>"; };
		900887B42293D3DA0036A49C /* NSMutableDictionary+TFCrashSafe.m */ = {isa = PBXFileReference; lastKnownFileType = sourcecode.c.objc; path = "NSMutableDictionary+TFCrashSafe.m"; sourceTree = "<group>"; };
		900887B62293DA070036A49C /* NSString+TFCrashSafe.h */ = {isa = PBXFileReference; lastKnownFileType = sourcecode.c.h; path = "NSString+TFCrashSafe.h"; sourceTree = "<group>"; };
		900887B72293DA070036A49C /* NSString+TFCrashSafe.m */ = {isa = PBXFileReference; lastKnownFileType = sourcecode.c.objc; path = "NSString+TFCrashSafe.m"; sourceTree = "<group>"; };
		900887E5229410170036A49C /* NSObject+UnrecognizedSelector.h */ = {isa = PBXFileReference; lastKnownFileType = sourcecode.c.h; path = "NSObject+UnrecognizedSelector.h"; sourceTree = "<group>"; };
		900887E6229410170036A49C /* NSObject+UnrecognizedSelector.m */ = {isa = PBXFileReference; lastKnownFileType = sourcecode.c.objc; path = "NSObject+UnrecognizedSelector.m"; sourceTree = "<group>"; };
		900DCCD722962C90009545EA /* UIView+TFUICrashSafe.h */ = {isa = PBXFileReference; lastKnownFileType = sourcecode.c.h; path = "UIView+TFUICrashSafe.h"; sourceTree = "<group>"; };
		900DCCD822962C90009545EA /* UIView+TFUICrashSafe.m */ = {isa = PBXFileReference; lastKnownFileType = sourcecode.c.objc; path = "UIView+TFUICrashSafe.m"; sourceTree = "<group>"; };
		902249AD2294F4FC005D6ADA /* TFCrashSafeKitConst.h */ = {isa = PBXFileReference; lastKnownFileType = sourcecode.c.h; path = TFCrashSafeKitConst.h; sourceTree = "<group>"; };
		903F52A52295181100990586 /* NSNotificationCenter+TFCrashSafe.h */ = {isa = PBXFileReference; lastKnownFileType = sourcecode.c.h; path = "NSNotificationCenter+TFCrashSafe.h"; sourceTree = "<group>"; };
		903F52A62295181100990586 /* NSNotificationCenter+TFCrashSafe.m */ = {isa = PBXFileReference; lastKnownFileType = sourcecode.c.objc; path = "NSNotificationCenter+TFCrashSafe.m"; sourceTree = "<group>"; };
		903F52A822951AE700990586 /* NSObject+TFDeallocSafe.h */ = {isa = PBXFileReference; lastKnownFileType = sourcecode.c.h; path = "NSObject+TFDeallocSafe.h"; sourceTree = "<group>"; };
		903F52A922951AE700990586 /* NSObject+TFDeallocSafe.m */ = {isa = PBXFileReference; lastKnownFileType = sourcecode.c.objc; path = "NSObject+TFDeallocSafe.m"; sourceTree = "<group>"; };
		9045F3A922966865001B0C6B /* TFCrashSafeKitManager.h */ = {isa = PBXFileReference; lastKnownFileType = sourcecode.c.h; path = TFCrashSafeKitManager.h; sourceTree = "<group>"; };
		9045F3AA22966865001B0C6B /* TFCrashSafeKitManager.m */ = {isa = PBXFileReference; lastKnownFileType = sourcecode.c.objc; path = TFCrashSafeKitManager.m; sourceTree = "<group>"; };
		9045F3AC229668B8001B0C6B /* TFCrashSafeKit.h */ = {isa = PBXFileReference; lastKnownFileType = sourcecode.c.h; path = TFCrashSafeKit.h; sourceTree = "<group>"; };
		90ADEBCA2294E912008A60E4 /* NSObject+TFKVOSafe.h */ = {isa = PBXFileReference; lastKnownFileType = sourcecode.c.h; path = "NSObject+TFKVOSafe.h"; sourceTree = "<group>"; };
		90ADEBCB2294E912008A60E4 /* NSObject+TFKVOSafe.m */ = {isa = PBXFileReference; lastKnownFileType = sourcecode.c.objc; path = "NSObject+TFKVOSafe.m"; sourceTree = "<group>"; };
		90AFB02822952F4100A75E7D /* NSTimer+TFCrashSafe.h */ = {isa = PBXFileReference; lastKnownFileType = sourcecode.c.h; path = "NSTimer+TFCrashSafe.h"; sourceTree = "<group>"; };
		90AFB02922952F4100A75E7D /* NSTimer+TFCrashSafe.m */ = {isa = PBXFileReference; lastKnownFileType = sourcecode.c.objc; path = "NSTimer+TFCrashSafe.m"; sourceTree = "<group>"; };
		90C53FA02293A29D001D4240 /* TFCrashSafeKit.app */ = {isa = PBXFileReference; explicitFileType = wrapper.application; includeInIndex = 0; path = TFCrashSafeKit.app; sourceTree = BUILT_PRODUCTS_DIR; };
		90C53FA32293A29D001D4240 /* AppDelegate.h */ = {isa = PBXFileReference; lastKnownFileType = sourcecode.c.h; path = AppDelegate.h; sourceTree = "<group>"; };
		90C53FA42293A29D001D4240 /* AppDelegate.m */ = {isa = PBXFileReference; lastKnownFileType = sourcecode.c.objc; path = AppDelegate.m; sourceTree = "<group>"; };
		90C53FA62293A29D001D4240 /* ViewController.h */ = {isa = PBXFileReference; lastKnownFileType = sourcecode.c.h; path = ViewController.h; sourceTree = "<group>"; };
		90C53FA72293A29D001D4240 /* ViewController.m */ = {isa = PBXFileReference; lastKnownFileType = sourcecode.c.objc; path = ViewController.m; sourceTree = "<group>"; };
		90C53FAA2293A29D001D4240 /* Base */ = {isa = PBXFileReference; lastKnownFileType = file.storyboard; name = Base; path = Base.lproj/Main.storyboard; sourceTree = "<group>"; };
		90C53FAC2293A29E001D4240 /* Assets.xcassets */ = {isa = PBXFileReference; lastKnownFileType = folder.assetcatalog; path = Assets.xcassets; sourceTree = "<group>"; };
		90C53FAF2293A29E001D4240 /* Base */ = {isa = PBXFileReference; lastKnownFileType = file.storyboard; name = Base; path = Base.lproj/LaunchScreen.storyboard; sourceTree = "<group>"; };
		90C53FB12293A29E001D4240 /* Info.plist */ = {isa = PBXFileReference; lastKnownFileType = text.plist.xml; path = Info.plist; sourceTree = "<group>"; };
		90C53FB22293A29E001D4240 /* main.m */ = {isa = PBXFileReference; lastKnownFileType = sourcecode.c.objc; path = main.m; sourceTree = "<group>"; };
		90C53FBC2293A391001D4240 /* TFMethodExchange.h */ = {isa = PBXFileReference; lastKnownFileType = sourcecode.c.h; path = TFMethodExchange.h; sourceTree = "<group>"; };
		90C53FBD2293A391001D4240 /* TFMethodExchange.m */ = {isa = PBXFileReference; lastKnownFileType = sourcecode.c.objc; path = TFMethodExchange.m; sourceTree = "<group>"; };
		90C53FBF2293AB8E001D4240 /* NSArray+TFCrashSafe.h */ = {isa = PBXFileReference; lastKnownFileType = sourcecode.c.h; path = "NSArray+TFCrashSafe.h"; sourceTree = "<group>"; };
		90C53FC02293AB8E001D4240 /* NSArray+TFCrashSafe.m */ = {isa = PBXFileReference; lastKnownFileType = sourcecode.c.objc; path = "NSArray+TFCrashSafe.m"; sourceTree = "<group>"; };
		90CEE76F2294FEE3006619D8 /* TestUIViewController.h */ = {isa = PBXFileReference; lastKnownFileType = sourcecode.c.h; path = TestUIViewController.h; sourceTree = "<group>"; };
		90CEE7702294FEE3006619D8 /* TestUIViewController.m */ = {isa = PBXFileReference; lastKnownFileType = sourcecode.c.objc; path = TestUIViewController.m; sourceTree = "<group>"; };
		A9A0510E99466FB6DE2254AE /* Pods-TFCrashSafeKit.debug.xcconfig */ = {isa = PBXFileReference; includeInIndex = 1; lastKnownFileType = text.xcconfig; name = "Pods-TFCrashSafeKit.debug.xcconfig"; path = "Pods/Target Support Files/Pods-TFCrashSafeKit/Pods-TFCrashSafeKit.debug.xcconfig"; sourceTree = "<group>"; };
		AFEABC2A2F4F103A00C63C26 /* libPods-TFCrashSafeKit.a */ = {isa = PBXFileReference; explicitFileType = archive.ar; includeInIndex = 0; path = "libPods-TFCrashSafeKit.a"; sourceTree = BUILT_PRODUCTS_DIR; };
		BAA8C1E0B9DA7A6A5C2F83DB /* Pods-TFCrashSafeKit.release.xcconfig */ = {isa = PBXFileReference; includeInIndex = 1; lastKnownFileType = text.xcconfig; name = "Pods-TFCrashSafeKit.release.xcconfig"; path = "Pods/Target Support Files/Pods-TFCrashSafeKit/Pods-TFCrashSafeKit.release.xcconfig"; sourceTree = "<group>"; };
/* End PBXFileReference section */

/* Begin PBXFrameworksBuildPhase section */
		90C53F9D2293A29D001D4240 /* Frameworks */ = {
			isa = PBXFrameworksBuildPhase;
			buildActionMask = 2147483647;
			files = (
				EA22BF6606EDA5DEB2AEC236 /* libPods-TFCrashSafeKit.a in Frameworks */,
			);
			runOnlyForDeploymentPostprocessing = 0;
		};
/* End PBXFrameworksBuildPhase section */

/* Begin PBXGroup section */
		2180096D72D742F45B9DDB8F /* Frameworks */ = {
			isa = PBXGroup;
			children = (
				AFEABC2A2F4F103A00C63C26 /* libPods-TFCrashSafeKit.a */,
			);
			name = Frameworks;
			sourceTree = "<group>";
		};
		90C53F972293A29D001D4240 = {
			isa = PBXGroup;
			children = (
				90C53FA22293A29D001D4240 /* TFCrashSafeKit */,
				90C53FA12293A29D001D4240 /* Products */,
				A28B8816982BF608A81DA592 /* Pods */,
				2180096D72D742F45B9DDB8F /* Frameworks */,
			);
			sourceTree = "<group>";
		};
		90C53FA12293A29D001D4240 /* Products */ = {
			isa = PBXGroup;
			children = (
				90C53FA02293A29D001D4240 /* TFCrashSafeKit.app */,
			);
			name = Products;
			sourceTree = "<group>";
		};
		90C53FA22293A29D001D4240 /* TFCrashSafeKit */ = {
			isa = PBXGroup;
			children = (
				90C53FA32293A29D001D4240 /* AppDelegate.h */,
				90C53FA42293A29D001D4240 /* AppDelegate.m */,
				90C53FAC2293A29E001D4240 /* Assets.xcassets */,
				90C53FB12293A29E001D4240 /* Info.plist */,
				90C53FAE2293A29E001D4240 /* LaunchScreen.storyboard */,
				90C53FB22293A29E001D4240 /* main.m */,
				90C53FA92293A29D001D4240 /* Main.storyboard */,
				90C53FBF2293AB8E001D4240 /* NSArray+TFCrashSafe.h */,
				90C53FC02293AB8E001D4240 /* NSArray+TFCrashSafe.m */,
				900887B02293D3CF0036A49C /* NSDictionary+TFCrashSafe.h */,
				900887B12293D3CF0036A49C /* NSDictionary+TFCrashSafe.m */,
				900887AD2293D3740036A49C /* NSMutableArray+TFCrashSafe.h */,
				900887AE2293D3740036A49C /* NSMutableArray+TFCrashSafe.m */,
				900887B32293D3DA0036A49C /* NSMutableDictionary+TFCrashSafe.h */,
				900887B42293D3DA0036A49C /* NSMutableDictionary+TFCrashSafe.m */,
				903F52A52295181100990586 /* NSNotificationCenter+TFCrashSafe.h */,
				903F52A62295181100990586 /* NSNotificationCenter+TFCrashSafe.m */,
				903F52A822951AE700990586 /* NSObject+TFDeallocSafe.h */,
				903F52A922951AE700990586 /* NSObject+TFDeallocSafe.m */,
				90ADEBCA2294E912008A60E4 /* NSObject+TFKVOSafe.h */,
				90ADEBCB2294E912008A60E4 /* NSObject+TFKVOSafe.m */,
				900887E5229410170036A49C /* NSObject+UnrecognizedSelector.h */,
				900887E6229410170036A49C /* NSObject+UnrecognizedSelector.m */,
				900887B62293DA070036A49C /* NSString+TFCrashSafe.h */,
				900887B72293DA070036A49C /* NSString+TFCrashSafe.m */,
				90AFB02822952F4100A75E7D /* NSTimer+TFCrashSafe.h */,
				90AFB02922952F4100A75E7D /* NSTimer+TFCrashSafe.m */,
				90CEE76F2294FEE3006619D8 /* TestUIViewController.h */,
				90CEE7702294FEE3006619D8 /* TestUIViewController.m */,
				9045F3A922966865001B0C6B /* TFCrashSafeKitManager.h */,
				9045F3AA22966865001B0C6B /* TFCrashSafeKitManager.m */,
				9045F3AC229668B8001B0C6B /* TFCrashSafeKit.h */,
				902249AD2294F4FC005D6ADA /* TFCrashSafeKitConst.h */,
				90C53FBC2293A391001D4240 /* TFMethodExchange.h */,
				90C53FBD2293A391001D4240 /* TFMethodExchange.m */,
				900DCCD722962C90009545EA /* UIView+TFUICrashSafe.h */,
				900DCCD822962C90009545EA /* UIView+TFUICrashSafe.m */,
				90C53FA62293A29D001D4240 /* ViewController.h */,
				90C53FA72293A29D001D4240 /* ViewController.m */,
			);
			path = TFCrashSafeKit;
			sourceTree = "<group>";
		};
		A28B8816982BF608A81DA592 /* Pods */ = {
			isa = PBXGroup;
			children = (
				A9A0510E99466FB6DE2254AE /* Pods-TFCrashSafeKit.debug.xcconfig */,
				BAA8C1E0B9DA7A6A5C2F83DB /* Pods-TFCrashSafeKit.release.xcconfig */,
			);
			name = Pods;
			sourceTree = "<group>";
		};
/* End PBXGroup section */

/* Begin PBXNativeTarget section */
		90C53F9F2293A29D001D4240 /* TFCrashSafeKit */ = {
			isa = PBXNativeTarget;
			buildConfigurationList = 90C53FB62293A29E001D4240 /* Build configuration list for PBXNativeTarget "TFCrashSafeKit" */;
			buildPhases = (
				3DE9526F554E14D94666C5ED /* [CP] Check Pods Manifest.lock */,
				90C53F9C2293A29D001D4240 /* Sources */,
				90C53F9D2293A29D001D4240 /* Frameworks */,
				90C53F9E2293A29D001D4240 /* Resources */,
			);
			buildRules = (
			);
			dependencies = (
			);
			name = TFCrashSafeKit;
			productName = TFCrashSafeKit;
			productReference = 90C53FA02293A29D001D4240 /* TFCrashSafeKit.app */;
			productType = "com.apple.product-type.application";
		};
/* End PBXNativeTarget section */

/* Begin PBXProject section */
		90C53F982293A29D001D4240 /* Project object */ = {
			isa = PBXProject;
			attributes = {
				LastUpgradeCheck = 1010;
				ORGANIZATIONNAME = ztf;
				TargetAttributes = {
					90C53F9F2293A29D001D4240 = {
						CreatedOnToolsVersion = 10.1;
					};
				};
			};
			buildConfigurationList = 90C53F9B2293A29D001D4240 /* Build configuration list for PBXProject "TFCrashSafeKit" */;
			compatibilityVersion = "Xcode 9.3";
			developmentRegion = en;
			hasScannedForEncodings = 0;
			knownRegions = (
				en,
				Base,
			);
			mainGroup = 90C53F972293A29D001D4240;
			productRefGroup = 90C53FA12293A29D001D4240 /* Products */;
			projectDirPath = "";
			projectRoot = "";
			targets = (
				90C53F9F2293A29D001D4240 /* TFCrashSafeKit */,
			);
		};
/* End PBXProject section */

/* Begin PBXResourcesBuildPhase section */
		90C53F9E2293A29D001D4240 /* Resources */ = {
			isa = PBXResourcesBuildPhase;
			buildActionMask = 2147483647;
			files = (
				90C53FB02293A29E001D4240 /* LaunchScreen.storyboard in Resources */,
				90C53FAD2293A29E001D4240 /* Assets.xcassets in Resources */,
				90C53FAB2293A29D001D4240 /* Main.storyboard in Resources */,
			);
			runOnlyForDeploymentPostprocessing = 0;
		};
/* End PBXResourcesBuildPhase section */

/* Begin PBXShellScriptBuildPhase section */
		3DE9526F554E14D94666C5ED /* [CP] Check Pods Manifest.lock */ = {
			isa = PBXShellScriptBuildPhase;
			buildActionMask = 2147483647;
			files = (
			);
			inputPaths = (
				"${PODS_PODFILE_DIR_PATH}/Podfile.lock",
				"${PODS_ROOT}/Manifest.lock",
			);
			name = "[CP] Check Pods Manifest.lock";
			outputPaths = (
				"$(DERIVED_FILE_DIR)/Pods-TFCrashSafeKit-checkManifestLockResult.txt",
			);
			runOnlyForDeploymentPostprocessing = 0;
			shellPath = /bin/sh;
			shellScript = "diff \"${PODS_PODFILE_DIR_PATH}/Podfile.lock\" \"${PODS_ROOT}/Manifest.lock\" > /dev/null\nif [ $? != 0 ] ; then\n    # print error to STDERR\n    echo \"error: The sandbox is not in sync with the Podfile.lock. Run 'pod install' or update your CocoaPods installation.\" >&2\n    exit 1\nfi\n# This output is used by Xcode 'outputs' to avoid re-running this script phase.\necho \"SUCCESS\" > \"${SCRIPT_OUTPUT_FILE_0}\"\n";
			showEnvVarsInLog = 0;
		};
/* End PBXShellScriptBuildPhase section */

/* Begin PBXSourcesBuildPhase section */
		90C53F9C2293A29D001D4240 /* Sources */ = {
			isa = PBXSourcesBuildPhase;
			buildActionMask = 2147483647;
			files = (
				90AFB02A22952F4100A75E7D /* NSTimer+TFCrashSafe.m in Sources */,
				90C53FA82293A29D001D4240 /* ViewController.m in Sources */,
				90ADEBCC2294E912008A60E4 /* NSObject+TFKVOSafe.m in Sources */,
				90CEE7712294FEE3006619D8 /* TestUIViewController.m in Sources */,
				900887E7229410170036A49C /* NSObject+UnrecognizedSelector.m in Sources */,
				90C53FB32293A29E001D4240 /* main.m in Sources */,
				903F52AA22951AE700990586 /* NSObject+TFDeallocSafe.m in Sources */,
				903F52A72295181100990586 /* NSNotificationCenter+TFCrashSafe.m in Sources */,
				9045F3AB22966865001B0C6B /* TFCrashSafeKitManager.m in Sources */,
				900887B52293D3DA0036A49C /* NSMutableDictionary+TFCrashSafe.m in Sources */,
				900887B82293DA070036A49C /* NSString+TFCrashSafe.m in Sources */,
				90C53FBE2293A391001D4240 /* TFMethodExchange.m in Sources */,
				90C53FA52293A29D001D4240 /* AppDelegate.m in Sources */,
				900887B22293D3CF0036A49C /* NSDictionary+TFCrashSafe.m in Sources */,
				900DCCD922962C90009545EA /* UIView+TFUICrashSafe.m in Sources */,
				90C53FC12293AB8E001D4240 /* NSArray+TFCrashSafe.m in Sources */,
				900887AF2293D3740036A49C /* NSMutableArray+TFCrashSafe.m in Sources */,
			);
			runOnlyForDeploymentPostprocessing = 0;
		};
/* End PBXSourcesBuildPhase section */

/* Begin PBXVariantGroup section */
		90C53FA92293A29D001D4240 /* Main.storyboard */ = {
			isa = PBXVariantGroup;
			children = (
				90C53FAA2293A29D001D4240 /* Base */,
			);
			name = Main.storyboard;
			sourceTree = "<group>";
		};
		90C53FAE2293A29E001D4240 /* LaunchScreen.storyboard */ = {
			isa = PBXVariantGroup;
			children = (
				90C53FAF2293A29E001D4240 /* Base */,
			);
			name = LaunchScreen.storyboard;
			sourceTree = "<group>";
		};
/* End PBXVariantGroup section */

/* Begin XCBuildConfiguration section */
		90C53FB42293A29E001D4240 /* Debug */ = {
			isa = XCBuildConfiguration;
			buildSettings = {
				ALWAYS_SEARCH_USER_PATHS = NO;
				CLANG_ANALYZER_NONNULL = YES;
				CLANG_ANALYZER_NUMBER_OBJECT_CONVERSION = YES_AGGRESSIVE;
				CLANG_CXX_LANGUAGE_STANDARD = "gnu++14";
				CLANG_CXX_LIBRARY = "libc++";
				CLANG_ENABLE_MODULES = YES;
				CLANG_ENABLE_OBJC_ARC = YES;
				CLANG_ENABLE_OBJC_WEAK = YES;
				CLANG_WARN_BLOCK_CAPTURE_AUTORELEASING = YES;
				CLANG_WARN_BOOL_CONVERSION = YES;
				CLANG_WARN_COMMA = YES;
				CLANG_WARN_CONSTANT_CONVERSION = YES;
				CLANG_WARN_DEPRECATED_OBJC_IMPLEMENTATIONS = YES;
				CLANG_WARN_DIRECT_OBJC_ISA_USAGE = YES_ERROR;
				CLANG_WARN_DOCUMENTATION_COMMENTS = YES;
				CLANG_WARN_EMPTY_BODY = YES;
				CLANG_WARN_ENUM_CONVERSION = YES;
				CLANG_WARN_INFINITE_RECURSION = YES;
				CLANG_WARN_INT_CONVERSION = YES;
				CLANG_WARN_NON_LITERAL_NULL_CONVERSION = YES;
				CLANG_WARN_OBJC_IMPLICIT_RETAIN_SELF = YES;
				CLANG_WARN_OBJC_LITERAL_CONVERSION = YES;
				CLANG_WARN_OBJC_ROOT_CLASS = YES_ERROR;
				CLANG_WARN_RANGE_LOOP_ANALYSIS = YES;
				CLANG_WARN_STRICT_PROTOTYPES = YES;
				CLANG_WARN_SUSPICIOUS_MOVE = YES;
				CLANG_WARN_UNGUARDED_AVAILABILITY = YES_AGGRESSIVE;
				CLANG_WARN_UNREACHABLE_CODE = YES;
				CLANG_WARN__DUPLICATE_METHOD_MATCH = YES;
				CODE_SIGN_IDENTITY = "iPhone Developer";
				COPY_PHASE_STRIP = NO;
				DEBUG_INFORMATION_FORMAT = dwarf;
				ENABLE_STRICT_OBJC_MSGSEND = YES;
				ENABLE_TESTABILITY = YES;
				GCC_C_LANGUAGE_STANDARD = gnu11;
				GCC_DYNAMIC_NO_PIC = NO;
				GCC_NO_COMMON_BLOCKS = YES;
				GCC_OPTIMIZATION_LEVEL = 0;
				GCC_PREPROCESSOR_DEFINITIONS = (
					"DEBUG=1",
					"$(inherited)",
				);
				GCC_WARN_64_TO_32_BIT_CONVERSION = YES;
				GCC_WARN_ABOUT_RETURN_TYPE = YES_ERROR;
				GCC_WARN_UNDECLARED_SELECTOR = YES;
				GCC_WARN_UNINITIALIZED_AUTOS = YES_AGGRESSIVE;
				GCC_WARN_UNUSED_FUNCTION = YES;
				GCC_WARN_UNUSED_VARIABLE = YES;
				IPHONEOS_DEPLOYMENT_TARGET = 12.1;
				MTL_ENABLE_DEBUG_INFO = INCLUDE_SOURCE;
				MTL_FAST_MATH = YES;
				ONLY_ACTIVE_ARCH = YES;
				SDKROOT = iphoneos;
			};
			name = Debug;
		};
		90C53FB52293A29E001D4240 /* Release */ = {
			isa = XCBuildConfiguration;
			buildSettings = {
				ALWAYS_SEARCH_USER_PATHS = NO;
				CLANG_ANALYZER_NONNULL = YES;
				CLANG_ANALYZER_NUMBER_OBJECT_CONVERSION = YES_AGGRESSIVE;
				CLANG_CXX_LANGUAGE_STANDARD = "gnu++14";
				CLANG_CXX_LIBRARY = "libc++";
				CLANG_ENABLE_MODULES = YES;
				CLANG_ENABLE_OBJC_ARC = YES;
				CLANG_ENABLE_OBJC_WEAK = YES;
				CLANG_WARN_BLOCK_CAPTURE_AUTORELEASING = YES;
				CLANG_WARN_BOOL_CONVERSION = YES;
				CLANG_WARN_COMMA = YES;
				CLANG_WARN_CONSTANT_CONVERSION = YES;
				CLANG_WARN_DEPRECATED_OBJC_IMPLEMENTATIONS = YES;
				CLANG_WARN_DIRECT_OBJC_ISA_USAGE = YES_ERROR;
				CLANG_WARN_DOCUMENTATION_COMMENTS = YES;
				CLANG_WARN_EMPTY_BODY = YES;
				CLANG_WARN_ENUM_CONVERSION = YES;
				CLANG_WARN_INFINITE_RECURSION = YES;
				CLANG_WARN_INT_CONVERSION = YES;
				CLANG_WARN_NON_LITERAL_NULL_CONVERSION = YES;
				CLANG_WARN_OBJC_IMPLICIT_RETAIN_SELF = YES;
				CLANG_WARN_OBJC_LITERAL_CONVERSION = YES;
				CLANG_WARN_OBJC_ROOT_CLASS = YES_ERROR;
				CLANG_WARN_RANGE_LOOP_ANALYSIS = YES;
				CLANG_WARN_STRICT_PROTOTYPES = YES;
				CLANG_WARN_SUSPICIOUS_MOVE = YES;
				CLANG_WARN_UNGUARDED_AVAILABILITY = YES_AGGRESSIVE;
				CLANG_WARN_UNREACHABLE_CODE = YES;
				CLANG_WARN__DUPLICATE_METHOD_MATCH = YES;
				CODE_SIGN_IDENTITY = "iPhone Developer";
				COPY_PHASE_STRIP = NO;
				DEBUG_INFORMATION_FORMAT = "dwarf-with-dsym";
				ENABLE_NS_ASSERTIONS = NO;
				ENABLE_STRICT_OBJC_MSGSEND = YES;
				GCC_C_LANGUAGE_STANDARD = gnu11;
				GCC_NO_COMMON_BLOCKS = YES;
				GCC_WARN_64_TO_32_BIT_CONVERSION = YES;
				GCC_WARN_ABOUT_RETURN_TYPE = YES_ERROR;
				GCC_WARN_UNDECLARED_SELECTOR = YES;
				GCC_WARN_UNINITIALIZED_AUTOS = YES_AGGRESSIVE;
				GCC_WARN_UNUSED_FUNCTION = YES;
				GCC_WARN_UNUSED_VARIABLE = YES;
				IPHONEOS_DEPLOYMENT_TARGET = 12.1;
				MTL_ENABLE_DEBUG_INFO = NO;
				MTL_FAST_MATH = YES;
				SDKROOT = iphoneos;
				VALIDATE_PRODUCT = YES;
			};
			name = Release;
		};
		90C53FB72293A29E001D4240 /* Debug */ = {
			isa = XCBuildConfiguration;
			baseConfigurationReference = A9A0510E99466FB6DE2254AE /* Pods-TFCrashSafeKit.debug.xcconfig */;
			buildSettings = {
				ASSETCATALOG_COMPILER_APPICON_NAME = AppIcon;
				CODE_SIGN_STYLE = Automatic;
				INFOPLIST_FILE = TFCrashSafeKit/Info.plist;
				IPHONEOS_DEPLOYMENT_TARGET = 8.0;
				LD_RUNPATH_SEARCH_PATHS = (
					"$(inherited)",
					"@executable_path/Frameworks",
				);
				PRODUCT_BUNDLE_IDENTIFIER = com.ztf.tfframe.TFCrashSafeKit;
				PRODUCT_NAME = "$(TARGET_NAME)";
				TARGETED_DEVICE_FAMILY = "1,2";
			};
			name = Debug;
		};
		90C53FB82293A29E001D4240 /* Release */ = {
			isa = XCBuildConfiguration;
			baseConfigurationReference = BAA8C1E0B9DA7A6A5C2F83DB /* Pods-TFCrashSafeKit.release.xcconfig */;
			buildSettings = {
				ASSETCATALOG_COMPILER_APPICON_NAME = AppIcon;
				CODE_SIGN_STYLE = Automatic;
				INFOPLIST_FILE = TFCrashSafeKit/Info.plist;
				IPHONEOS_DEPLOYMENT_TARGET = 8.0;
				LD_RUNPATH_SEARCH_PATHS = (
					"$(inherited)",
					"@executable_path/Frameworks",
				);
				PRODUCT_BUNDLE_IDENTIFIER = com.ztf.tfframe.TFCrashSafeKit;
				PRODUCT_NAME = "$(TARGET_NAME)";
				TARGETED_DEVICE_FAMILY = "1,2";
			};
			name = Release;
		};
/* End XCBuildConfiguration section */

/* Begin XCConfigurationList section */
		90C53F9B2293A29D001D4240 /* Build configuration list for PBXProject "TFCrashSafeKit" */ = {
			isa = XCConfigurationList;
			buildConfigurations = (
				90C53FB42293A29E001D4240 /* Debug */,
				90C53FB52293A29E001D4240 /* Release */,
			);
			defaultConfigurationIsVisible = 0;
			defaultConfigurationName = Release;
		};
		90C53FB62293A29E001D4240 /* Build configuration list for PBXNativeTarget "TFCrashSafeKit" */ = {
			isa = XCConfigurationList;
			buildConfigurations = (
				90C53FB72293A29E001D4240 /* Debug */,
				90C53FB82293A29E001D4240 /* Release */,
			);
			defaultConfigurationIsVisible = 0;
			defaultConfigurationName = Release;
		};
/* End XCConfigurationList section */
	};
	rootObject = 90C53F982293A29D001D4240 /* Project object */;
}
