// !$*UTF8*$!
{
	archiveVersion = 1;
	classes = {
	};
	objectVersion = 50;
	objects = {

/* Begin PBXBuildFile section */
		9033E2BB22A6659B00DF8DF0 /* NSMutableDictionary+TFCrashSafe.m in Sources */ = {isa = PBXBuildFile; fileRef = 9033E2A022A6659B00DF8DF0 /* NSMutableDictionary+TFCrashSafe.m */; };
		9033E2BC22A6659B00DF8DF0 /* NSNotificationCenter+TFCrashSafe.m in Sources */ = {isa = PBXBuildFile; fileRef = 9033E2A122A6659B00DF8DF0 /* NSNotificationCenter+TFCrashSafe.m */; };
		9033E2BD22A6659B00DF8DF0 /* TFCrashSafeKit+CrashAction.m in Sources */ = {isa = PBXBuildFile; fileRef = 9033E2A222A6659B00DF8DF0 /* TFCrashSafeKit+CrashAction.m */; };
		9033E2BE22A6659B00DF8DF0 /* UIView+TFUICrashSafe.m in Sources */ = {isa = PBXBuildFile; fileRef = 9033E2A622A6659B00DF8DF0 /* UIView+TFUICrashSafe.m */; };
		9033E2BF22A6659B00DF8DF0 /* NSObject+UnrecognizedSelector.m in Sources */ = {isa = PBXBuildFile; fileRef = 9033E2A722A6659B00DF8DF0 /* NSObject+UnrecognizedSelector.m */; };
		9033E2C022A6659B00DF8DF0 /* TFCrashSafeKit.m in Sources */ = {isa = PBXBuildFile; fileRef = 9033E2A922A6659B00DF8DF0 /* TFCrashSafeKit.m */; };
		9033E2C122A6659B00DF8DF0 /* NSTimer+TFCrashSafe.m in Sources */ = {isa = PBXBuildFile; fileRef = 9033E2AA22A6659B00DF8DF0 /* NSTimer+TFCrashSafe.m */; };
		9033E2C222A6659B00DF8DF0 /* NSObject+TFKVOSafe.m in Sources */ = {isa = PBXBuildFile; fileRef = 9033E2AD22A6659B00DF8DF0 /* NSObject+TFKVOSafe.m */; };
		9033E2C322A6659B00DF8DF0 /* NSDictionary+TFCrashSafe.m in Sources */ = {isa = PBXBuildFile; fileRef = 9033E2B222A6659B00DF8DF0 /* NSDictionary+TFCrashSafe.m */; };
		9033E2C422A6659B00DF8DF0 /* NSMutableArray+TFCrashSafe.m in Sources */ = {isa = PBXBuildFile; fileRef = 9033E2B422A6659B00DF8DF0 /* NSMutableArray+TFCrashSafe.m */; };
		9033E2C522A6659B00DF8DF0 /* NSObject+MethodExchange.m in Sources */ = {isa = PBXBuildFile; fileRef = 9033E2B522A6659B00DF8DF0 /* NSObject+MethodExchange.m */; };
		9033E2C622A6659B00DF8DF0 /* NSString+TFCrashSafe.m in Sources */ = {isa = PBXBuildFile; fileRef = 9033E2B822A6659B00DF8DF0 /* NSString+TFCrashSafe.m */; };
		9033E2C722A6659B00DF8DF0 /* NSArray+TFCrashSafe.m in Sources */ = {isa = PBXBuildFile; fileRef = 9033E2BA22A6659B00DF8DF0 /* NSArray+TFCrashSafe.m */; };
		904BA4E5229BC5B200E6C313 /* ArrayTestViewController.m in Sources */ = {isa = PBXBuildFile; fileRef = 904BA4E4229BC5B200E6C313 /* ArrayTestViewController.m */; };
		908743DD229BDAF800D5D51B /* DicTestViewController.m in Sources */ = {isa = PBXBuildFile; fileRef = 908743DC229BDAF800D5D51B /* DicTestViewController.m */; };
		908743E0229CC93E00D5D51B /* NotificationTestViewController.m in Sources */ = {isa = PBXBuildFile; fileRef = 908743DF229CC93E00D5D51B /* NotificationTestViewController.m */; };
		90A69B602296761D00102C95 /* AppDelegate.m in Sources */ = {isa = PBXBuildFile; fileRef = 90A69B5F2296761D00102C95 /* AppDelegate.m */; };
		90A69B632296761D00102C95 /* ViewController.m in Sources */ = {isa = PBXBuildFile; fileRef = 90A69B622296761D00102C95 /* ViewController.m */; };
		90A69B662296761D00102C95 /* Main.storyboard in Resources */ = {isa = PBXBuildFile; fileRef = 90A69B642296761D00102C95 /* Main.storyboard */; };
		90A69B682296761D00102C95 /* Assets.xcassets in Resources */ = {isa = PBXBuildFile; fileRef = 90A69B672296761D00102C95 /* Assets.xcassets */; };
		90A69B6B2296761D00102C95 /* LaunchScreen.storyboard in Resources */ = {isa = PBXBuildFile; fileRef = 90A69B692296761D00102C95 /* LaunchScreen.storyboard */; };
		90A69B6E2296761D00102C95 /* main.m in Sources */ = {isa = PBXBuildFile; fileRef = 90A69B6D2296761D00102C95 /* main.m */; };
/* End PBXBuildFile section */

/* Begin PBXFileReference section */
		9033E2A022A6659B00DF8DF0 /* NSMutableDictionary+TFCrashSafe.m */ = {isa = PBXFileReference; fileEncoding = 4; lastKnownFileType = sourcecode.c.objc; path = "NSMutableDictionary+TFCrashSafe.m"; sourceTree = "<group>"; };
		9033E2A122A6659B00DF8DF0 /* NSNotificationCenter+TFCrashSafe.m */ = {isa = PBXFileReference; fileEncoding = 4; lastKnownFileType = sourcecode.c.objc; path = "NSNotificationCenter+TFCrashSafe.m"; sourceTree = "<group>"; };
		9033E2A222A6659B00DF8DF0 /* TFCrashSafeKit+CrashAction.m */ = {isa = PBXFileReference; fileEncoding = 4; lastKnownFileType = sourcecode.c.objc; path = "TFCrashSafeKit+CrashAction.m"; sourceTree = "<group>"; };
		9033E2A322A6659B00DF8DF0 /* NSObject+MethodExchange.h */ = {isa = PBXFileReference; fileEncoding = 4; lastKnownFileType = sourcecode.c.h; path = "NSObject+MethodExchange.h"; sourceTree = "<group>"; };
		9033E2A422A6659B00DF8DF0 /* NSMutableArray+TFCrashSafe.h */ = {isa = PBXFileReference; fileEncoding = 4; lastKnownFileType = sourcecode.c.h; path = "NSMutableArray+TFCrashSafe.h"; sourceTree = "<group>"; };
		9033E2A522A6659B00DF8DF0 /* NSDictionary+TFCrashSafe.h */ = {isa = PBXFileReference; fileEncoding = 4; lastKnownFileType = sourcecode.c.h; path = "NSDictionary+TFCrashSafe.h"; sourceTree = "<group>"; };
		9033E2A622A6659B00DF8DF0 /* UIView+TFUICrashSafe.m */ = {isa = PBXFileReference; fileEncoding = 4; lastKnownFileType = sourcecode.c.objc; path = "UIView+TFUICrashSafe.m"; sourceTree = "<group>"; };
		9033E2A722A6659B00DF8DF0 /* NSObject+UnrecognizedSelector.m */ = {isa = PBXFileReference; fileEncoding = 4; lastKnownFileType = sourcecode.c.objc; path = "NSObject+UnrecognizedSelector.m"; sourceTree = "<group>"; };
		9033E2A822A6659B00DF8DF0 /* TFCrashSafeKitConst.h */ = {isa = PBXFileReference; fileEncoding = 4; lastKnownFileType = sourcecode.c.h; path = TFCrashSafeKitConst.h; sourceTree = "<group>"; };
		9033E2A922A6659B00DF8DF0 /* TFCrashSafeKit.m */ = {isa = PBXFileReference; fileEncoding = 4; lastKnownFileType = sourcecode.c.objc; path = TFCrashSafeKit.m; sourceTree = "<group>"; };
		9033E2AA22A6659B00DF8DF0 /* NSTimer+TFCrashSafe.m */ = {isa = PBXFileReference; fileEncoding = 4; lastKnownFileType = sourcecode.c.objc; path = "NSTimer+TFCrashSafe.m"; sourceTree = "<group>"; };
		9033E2AB22A6659B00DF8DF0 /* NSArray+TFCrashSafe.h */ = {isa = PBXFileReference; fileEncoding = 4; lastKnownFileType = sourcecode.c.h; path = "NSArray+TFCrashSafe.h"; sourceTree = "<group>"; };
		9033E2AC22A6659B00DF8DF0 /* NSString+TFCrashSafe.h */ = {isa = PBXFileReference; fileEncoding = 4; lastKnownFileType = sourcecode.c.h; path = "NSString+TFCrashSafe.h"; sourceTree = "<group>"; };
		9033E2AD22A6659B00DF8DF0 /* NSObject+TFKVOSafe.m */ = {isa = PBXFileReference; fileEncoding = 4; lastKnownFileType = sourcecode.c.objc; path = "NSObject+TFKVOSafe.m"; sourceTree = "<group>"; };
		9033E2AE22A6659B00DF8DF0 /* NSNotificationCenter+TFCrashSafe.h */ = {isa = PBXFileReference; fileEncoding = 4; lastKnownFileType = sourcecode.c.h; path = "NSNotificationCenter+TFCrashSafe.h"; sourceTree = "<group>"; };
		9033E2AF22A6659B00DF8DF0 /* TFCrashSafeKit+CrashAction.h */ = {isa = PBXFileReference; fileEncoding = 4; lastKnownFileType = sourcecode.c.h; path = "TFCrashSafeKit+CrashAction.h"; sourceTree = "<group>"; };
		9033E2B022A6659B00DF8DF0 /* NSMutableDictionary+TFCrashSafe.h */ = {isa = PBXFileReference; fileEncoding = 4; lastKnownFileType = sourcecode.c.h; path = "NSMutableDictionary+TFCrashSafe.h"; sourceTree = "<group>"; };
		9033E2B122A6659B00DF8DF0 /* NSObject+UnrecognizedSelector.h */ = {isa = PBXFileReference; fileEncoding = 4; lastKnownFileType = sourcecode.c.h; path = "NSObject+UnrecognizedSelector.h"; sourceTree = "<group>"; };
		9033E2B222A6659B00DF8DF0 /* NSDictionary+TFCrashSafe.m */ = {isa = PBXFileReference; fileEncoding = 4; lastKnownFileType = sourcecode.c.objc; path = "NSDictionary+TFCrashSafe.m"; sourceTree = "<group>"; };
		9033E2B322A6659B00DF8DF0 /* UIView+TFUICrashSafe.h */ = {isa = PBXFileReference; fileEncoding = 4; lastKnownFileType = sourcecode.c.h; path = "UIView+TFUICrashSafe.h"; sourceTree = "<group>"; };
		9033E2B422A6659B00DF8DF0 /* NSMutableArray+TFCrashSafe.m */ = {isa = PBXFileReference; fileEncoding = 4; lastKnownFileType = sourcecode.c.objc; path = "NSMutableArray+TFCrashSafe.m"; sourceTree = "<group>"; };
		9033E2B522A6659B00DF8DF0 /* NSObject+MethodExchange.m */ = {isa = PBXFileReference; fileEncoding = 4; lastKnownFileType = sourcecode.c.objc; path = "NSObject+MethodExchange.m"; sourceTree = "<group>"; };
		9033E2B622A6659B00DF8DF0 /* NSTimer+TFCrashSafe.h */ = {isa = PBXFileReference; fileEncoding = 4; lastKnownFileType = sourcecode.c.h; path = "NSTimer+TFCrashSafe.h"; sourceTree = "<group>"; };
		9033E2B722A6659B00DF8DF0 /* TFCrashSafeKit.h */ = {isa = PBXFileReference; fileEncoding = 4; lastKnownFileType = sourcecode.c.h; path = TFCrashSafeKit.h; sourceTree = "<group>"; };
		9033E2B822A6659B00DF8DF0 /* NSString+TFCrashSafe.m */ = {isa = PBXFileReference; fileEncoding = 4; lastKnownFileType = sourcecode.c.objc; path = "NSString+TFCrashSafe.m"; sourceTree = "<group>"; };
		9033E2B922A6659B00DF8DF0 /* NSObject+TFKVOSafe.h */ = {isa = PBXFileReference; fileEncoding = 4; lastKnownFileType = sourcecode.c.h; path = "NSObject+TFKVOSafe.h"; sourceTree = "<group>"; };
		9033E2BA22A6659B00DF8DF0 /* NSArray+TFCrashSafe.m */ = {isa = PBXFileReference; fileEncoding = 4; lastKnownFileType = sourcecode.c.objc; path = "NSArray+TFCrashSafe.m"; sourceTree = "<group>"; };
		904BA4E3229BC5B200E6C313 /* ArrayTestViewController.h */ = {isa = PBXFileReference; lastKnownFileType = sourcecode.c.h; path = ArrayTestViewController.h; sourceTree = "<group>"; };
		904BA4E4229BC5B200E6C313 /* ArrayTestViewController.m */ = {isa = PBXFileReference; lastKnownFileType = sourcecode.c.objc; path = ArrayTestViewController.m; sourceTree = "<group>"; };
		908743DB229BDAF800D5D51B /* DicTestViewController.h */ = {isa = PBXFileReference; lastKnownFileType = sourcecode.c.h; path = DicTestViewController.h; sourceTree = "<group>"; };
		908743DC229BDAF800D5D51B /* DicTestViewController.m */ = {isa = PBXFileReference; lastKnownFileType = sourcecode.c.objc; path = DicTestViewController.m; sourceTree = "<group>"; };
		908743DE229CC93E00D5D51B /* NotificationTestViewController.h */ = {isa = PBXFileReference; lastKnownFileType = sourcecode.c.h; path = NotificationTestViewController.h; sourceTree = "<group>"; };
		908743DF229CC93E00D5D51B /* NotificationTestViewController.m */ = {isa = PBXFileReference; lastKnownFileType = sourcecode.c.objc; path = NotificationTestViewController.m; sourceTree = "<group>"; };
		90A69B5B2296761D00102C95 /* TFCrashSafeKitDemo.app */ = {isa = PBXFileReference; explicitFileType = wrapper.application; includeInIndex = 0; path = TFCrashSafeKitDemo.app; sourceTree = BUILT_PRODUCTS_DIR; };
		90A69B5E2296761D00102C95 /* AppDelegate.h */ = {isa = PBXFileReference; lastKnownFileType = sourcecode.c.h; path = AppDelegate.h; sourceTree = "<group>"; };
		90A69B5F2296761D00102C95 /* AppDelegate.m */ = {isa = PBXFileReference; lastKnownFileType = sourcecode.c.objc; path = AppDelegate.m; sourceTree = "<group>"; };
		90A69B612296761D00102C95 /* ViewController.h */ = {isa = PBXFileReference; lastKnownFileType = sourcecode.c.h; path = ViewController.h; sourceTree = "<group>"; };
		90A69B622296761D00102C95 /* ViewController.m */ = {isa = PBXFileReference; lastKnownFileType = sourcecode.c.objc; path = ViewController.m; sourceTree = "<group>"; };
		90A69B652296761D00102C95 /* Base */ = {isa = PBXFileReference; lastKnownFileType = file.storyboard; name = Base; path = Base.lproj/Main.storyboard; sourceTree = "<group>"; };
		90A69B672296761D00102C95 /* Assets.xcassets */ = {isa = PBXFileReference; lastKnownFileType = folder.assetcatalog; path = Assets.xcassets; sourceTree = "<group>"; };
		90A69B6A2296761D00102C95 /* Base */ = {isa = PBXFileReference; lastKnownFileType = file.storyboard; name = Base; path = Base.lproj/LaunchScreen.storyboard; sourceTree = "<group>"; };
		90A69B6C2296761D00102C95 /* Info.plist */ = {isa = PBXFileReference; lastKnownFileType = text.plist.xml; path = Info.plist; sourceTree = "<group>"; };
		90A69B6D2296761D00102C95 /* main.m */ = {isa = PBXFileReference; lastKnownFileType = sourcecode.c.objc; path = main.m; sourceTree = "<group>"; };
/* End PBXFileReference section */

/* Begin PBXFrameworksBuildPhase section */
		90A69B582296761D00102C95 /* Frameworks */ = {
			isa = PBXFrameworksBuildPhase;
			buildActionMask = 2147483647;
			files = (
			);
			runOnlyForDeploymentPostprocessing = 0;
		};
/* End PBXFrameworksBuildPhase section */

/* Begin PBXGroup section */
		9033E29F22A6659B00DF8DF0 /* TFCrashSafeKit */ = {
			isa = PBXGroup;
			children = (
				9033E2AB22A6659B00DF8DF0 /* NSArray+TFCrashSafe.h */,
				9033E2BA22A6659B00DF8DF0 /* NSArray+TFCrashSafe.m */,
				9033E2A522A6659B00DF8DF0 /* NSDictionary+TFCrashSafe.h */,
				9033E2B222A6659B00DF8DF0 /* NSDictionary+TFCrashSafe.m */,
				9033E2A422A6659B00DF8DF0 /* NSMutableArray+TFCrashSafe.h */,
				9033E2B422A6659B00DF8DF0 /* NSMutableArray+TFCrashSafe.m */,
				9033E2B022A6659B00DF8DF0 /* NSMutableDictionary+TFCrashSafe.h */,
				9033E2A022A6659B00DF8DF0 /* NSMutableDictionary+TFCrashSafe.m */,
				9033E2AE22A6659B00DF8DF0 /* NSNotificationCenter+TFCrashSafe.h */,
				9033E2A122A6659B00DF8DF0 /* NSNotificationCenter+TFCrashSafe.m */,
				9033E2A322A6659B00DF8DF0 /* NSObject+MethodExchange.h */,
				9033E2B522A6659B00DF8DF0 /* NSObject+MethodExchange.m */,
				9033E2B922A6659B00DF8DF0 /* NSObject+TFKVOSafe.h */,
				9033E2AD22A6659B00DF8DF0 /* NSObject+TFKVOSafe.m */,
				9033E2B122A6659B00DF8DF0 /* NSObject+UnrecognizedSelector.h */,
				9033E2A722A6659B00DF8DF0 /* NSObject+UnrecognizedSelector.m */,
				9033E2AC22A6659B00DF8DF0 /* NSString+TFCrashSafe.h */,
				9033E2B822A6659B00DF8DF0 /* NSString+TFCrashSafe.m */,
				9033E2B622A6659B00DF8DF0 /* NSTimer+TFCrashSafe.h */,
				9033E2AA22A6659B00DF8DF0 /* NSTimer+TFCrashSafe.m */,
				9033E2B722A6659B00DF8DF0 /* TFCrashSafeKit.h */,
				9033E2A922A6659B00DF8DF0 /* TFCrashSafeKit.m */,
				9033E2AF22A6659B00DF8DF0 /* TFCrashSafeKit+CrashAction.h */,
				9033E2A222A6659B00DF8DF0 /* TFCrashSafeKit+CrashAction.m */,
				9033E2A822A6659B00DF8DF0 /* TFCrashSafeKitConst.h */,
				9033E2B322A6659B00DF8DF0 /* UIView+TFUICrashSafe.h */,
				9033E2A622A6659B00DF8DF0 /* UIView+TFUICrashSafe.m */,
			);
			name = TFCrashSafeKit;
			path = ../../TFCrashSafeKit;
			sourceTree = "<group>";
		};
		90A69B522296761D00102C95 = {
			isa = PBXGroup;
			children = (
				90A69B5D2296761D00102C95 /* TFCrashSafeKitDemo */,
				90A69B5C2296761D00102C95 /* Products */,
			);
			sourceTree = "<group>";
		};
		90A69B5C2296761D00102C95 /* Products */ = {
			isa = PBXGroup;
			children = (
				90A69B5B2296761D00102C95 /* TFCrashSafeKitDemo.app */,
			);
			name = Products;
			sourceTree = "<group>";
		};
		90A69B5D2296761D00102C95 /* TFCrashSafeKitDemo */ = {
			isa = PBXGroup;
			children = (
				9033E29F22A6659B00DF8DF0 /* TFCrashSafeKit */,
				90A69B5E2296761D00102C95 /* AppDelegate.h */,
				90A69B5F2296761D00102C95 /* AppDelegate.m */,
				90A69B612296761D00102C95 /* ViewController.h */,
				90A69B622296761D00102C95 /* ViewController.m */,
				904BA4E3229BC5B200E6C313 /* ArrayTestViewController.h */,
				904BA4E4229BC5B200E6C313 /* ArrayTestViewController.m */,
				908743DE229CC93E00D5D51B /* NotificationTestViewController.h */,
				908743DF229CC93E00D5D51B /* NotificationTestViewController.m */,
				908743DB229BDAF800D5D51B /* DicTestViewController.h */,
				908743DC229BDAF800D5D51B /* DicTestViewController.m */,
				90A69B642296761D00102C95 /* Main.storyboard */,
				90A69B672296761D00102C95 /* Assets.xcassets */,
				90A69B692296761D00102C95 /* LaunchScreen.storyboard */,
				90A69B6C2296761D00102C95 /* Info.plist */,
				90A69B6D2296761D00102C95 /* main.m */,
			);
			path = TFCrashSafeKitDemo;
			sourceTree = "<group>";
		};
/* End PBXGroup section */

/* Begin PBXNativeTarget section */
		90A69B5A2296761D00102C95 /* TFCrashSafeKitDemo */ = {
			isa = PBXNativeTarget;
			buildConfigurationList = 90A69B712296761D00102C95 /* Build configuration list for PBXNativeTarget "TFCrashSafeKitDemo" */;
			buildPhases = (
				90A69B572296761D00102C95 /* Sources */,
				90A69B582296761D00102C95 /* Frameworks */,
				90A69B592296761D00102C95 /* Resources */,
			);
			buildRules = (
			);
			dependencies = (
			);
			name = TFCrashSafeKitDemo;
			productName = TFCrashSafeKitDemo;
			productReference = 90A69B5B2296761D00102C95 /* TFCrashSafeKitDemo.app */;
			productType = "com.apple.product-type.application";
		};
/* End PBXNativeTarget section */

/* Begin PBXProject section */
		90A69B532296761D00102C95 /* Project object */ = {
			isa = PBXProject;
			attributes = {
				LastUpgradeCheck = 1010;
				ORGANIZATIONNAME = ztf;
				TargetAttributes = {
					90A69B5A2296761D00102C95 = {
						CreatedOnToolsVersion = 10.1;
					};
				};
			};
			buildConfigurationList = 90A69B562296761D00102C95 /* Build configuration list for PBXProject "TFCrashSafeKitDemo" */;
			compatibilityVersion = "Xcode 9.3";
			developmentRegion = en;
			hasScannedForEncodings = 0;
			knownRegions = (
				en,
				Base,
			);
			mainGroup = 90A69B522296761D00102C95;
			productRefGroup = 90A69B5C2296761D00102C95 /* Products */;
			projectDirPath = "";
			projectRoot = "";
			targets = (
				90A69B5A2296761D00102C95 /* TFCrashSafeKitDemo */,
			);
		};
/* End PBXProject section */

/* Begin PBXResourcesBuildPhase section */
		90A69B592296761D00102C95 /* Resources */ = {
			isa = PBXResourcesBuildPhase;
			buildActionMask = 2147483647;
			files = (
				90A69B6B2296761D00102C95 /* LaunchScreen.storyboard in Resources */,
				90A69B682296761D00102C95 /* Assets.xcassets in Resources */,
				90A69B662296761D00102C95 /* Main.storyboard in Resources */,
			);
			runOnlyForDeploymentPostprocessing = 0;
		};
/* End PBXResourcesBuildPhase section */

/* Begin PBXSourcesBuildPhase section */
		90A69B572296761D00102C95 /* Sources */ = {
			isa = PBXSourcesBuildPhase;
			buildActionMask = 2147483647;
			files = (
				904BA4E5229BC5B200E6C313 /* ArrayTestViewController.m in Sources */,
				9033E2C022A6659B00DF8DF0 /* TFCrashSafeKit.m in Sources */,
				9033E2BB22A6659B00DF8DF0 /* NSMutableDictionary+TFCrashSafe.m in Sources */,
				908743E0229CC93E00D5D51B /* NotificationTestViewController.m in Sources */,
				90A69B632296761D00102C95 /* ViewController.m in Sources */,
				9033E2C722A6659B00DF8DF0 /* NSArray+TFCrashSafe.m in Sources */,
				9033E2C322A6659B00DF8DF0 /* NSDictionary+TFCrashSafe.m in Sources */,
				9033E2C422A6659B00DF8DF0 /* NSMutableArray+TFCrashSafe.m in Sources */,
				90A69B6E2296761D00102C95 /* main.m in Sources */,
				9033E2BE22A6659B00DF8DF0 /* UIView+TFUICrashSafe.m in Sources */,
				9033E2C522A6659B00DF8DF0 /* NSObject+MethodExchange.m in Sources */,
				9033E2BD22A6659B00DF8DF0 /* TFCrashSafeKit+CrashAction.m in Sources */,
				908743DD229BDAF800D5D51B /* DicTestViewController.m in Sources */,
				9033E2C222A6659B00DF8DF0 /* NSObject+TFKVOSafe.m in Sources */,
				90A69B602296761D00102C95 /* AppDelegate.m in Sources */,
				9033E2C622A6659B00DF8DF0 /* NSString+TFCrashSafe.m in Sources */,
				9033E2BC22A6659B00DF8DF0 /* NSNotificationCenter+TFCrashSafe.m in Sources */,
				9033E2BF22A6659B00DF8DF0 /* NSObject+UnrecognizedSelector.m in Sources */,
				9033E2C122A6659B00DF8DF0 /* NSTimer+TFCrashSafe.m in Sources */,
			);
			runOnlyForDeploymentPostprocessing = 0;
		};
/* End PBXSourcesBuildPhase section */

/* Begin PBXVariantGroup section */
		90A69B642296761D00102C95 /* Main.storyboard */ = {
			isa = PBXVariantGroup;
			children = (
				90A69B652296761D00102C95 /* Base */,
			);
			name = Main.storyboard;
			sourceTree = "<group>";
		};
		90A69B692296761D00102C95 /* LaunchScreen.storyboard */ = {
			isa = PBXVariantGroup;
			children = (
				90A69B6A2296761D00102C95 /* Base */,
			);
			name = LaunchScreen.storyboard;
			sourceTree = "<group>";
		};
/* End PBXVariantGroup section */

/* Begin XCBuildConfiguration section */
		90A69B6F2296761D00102C95 /* Debug */ = {
			isa = XCBuildConfiguration;
			buildSettings = {
				ALWAYS_SEARCH_USER_PATHS = NO;
				CLANG_ANALYZER_NONNULL = YES;
				CLANG_ANALYZER_NUMBER_OBJECT_CONVERSION = YES_AGGRESSIVE;
				CLANG_CXX_LANGUAGE_STANDARD = "gnu++14";
				CLANG_CXX_LIBRARY = "libc++";
				CLANG_ENABLE_MODULES = YES;
				CLANG_ENABLE_OBJC_ARC = YES;
				CLANG_ENABLE_OBJC_WEAK = YES;
				CLANG_WARN_BLOCK_CAPTURE_AUTORELEASING = YES;
				CLANG_WARN_BOOL_CONVERSION = YES;
				CLANG_WARN_COMMA = YES;
				CLANG_WARN_CONSTANT_CONVERSION = YES;
				CLANG_WARN_DEPRECATED_OBJC_IMPLEMENTATIONS = YES;
				CLANG_WARN_DIRECT_OBJC_ISA_USAGE = YES_ERROR;
				CLANG_WARN_DOCUMENTATION_COMMENTS = YES;
				CLANG_WARN_EMPTY_BODY = YES;
				CLANG_WARN_ENUM_CONVERSION = YES;
				CLANG_WARN_INFINITE_RECURSION = YES;
				CLANG_WARN_INT_CONVERSION = YES;
				CLANG_WARN_NON_LITERAL_NULL_CONVERSION = YES;
				CLANG_WARN_OBJC_IMPLICIT_RETAIN_SELF = YES;
				CLANG_WARN_OBJC_LITERAL_CONVERSION = YES;
				CLANG_WARN_OBJC_ROOT_CLASS = YES_ERROR;
				CLANG_WARN_RANGE_LOOP_ANALYSIS = YES;
				CLANG_WARN_STRICT_PROTOTYPES = YES;
				CLANG_WARN_SUSPICIOUS_MOVE = YES;
				CLANG_WARN_UNGUARDED_AVAILABILITY = YES_AGGRESSIVE;
				CLANG_WARN_UNREACHABLE_CODE = YES;
				CLANG_WARN__DUPLICATE_METHOD_MATCH = YES;
				CODE_SIGN_IDENTITY = "iPhone Developer";
				COPY_PHASE_STRIP = NO;
				DEBUG_INFORMATION_FORMAT = dwarf;
				ENABLE_STRICT_OBJC_MSGSEND = YES;
				ENABLE_TESTABILITY = YES;
				GCC_C_LANGUAGE_STANDARD = gnu11;
				GCC_DYNAMIC_NO_PIC = NO;
				GCC_NO_COMMON_BLOCKS = YES;
				GCC_OPTIMIZATION_LEVEL = 0;
				GCC_PREPROCESSOR_DEFINITIONS = (
					"DEBUG=1",
					"$(inherited)",
				);
				GCC_WARN_64_TO_32_BIT_CONVERSION = YES;
				GCC_WARN_ABOUT_RETURN_TYPE = YES_ERROR;
				GCC_WARN_UNDECLARED_SELECTOR = YES;
				GCC_WARN_UNINITIALIZED_AUTOS = YES_AGGRESSIVE;
				GCC_WARN_UNUSED_FUNCTION = YES;
				GCC_WARN_UNUSED_VARIABLE = YES;
				IPHONEOS_DEPLOYMENT_TARGET = 12.1;
				MTL_ENABLE_DEBUG_INFO = INCLUDE_SOURCE;
				MTL_FAST_MATH = YES;
				ONLY_ACTIVE_ARCH = YES;
				SDKROOT = iphoneos;
			};
			name = Debug;
		};
		90A69B702296761D00102C95 /* Release */ = {
			isa = XCBuildConfiguration;
			buildSettings = {
				ALWAYS_SEARCH_USER_PATHS = NO;
				CLANG_ANALYZER_NONNULL = YES;
				CLANG_ANALYZER_NUMBER_OBJECT_CONVERSION = YES_AGGRESSIVE;
				CLANG_CXX_LANGUAGE_STANDARD = "gnu++14";
				CLANG_CXX_LIBRARY = "libc++";
				CLANG_ENABLE_MODULES = YES;
				CLANG_ENABLE_OBJC_ARC = YES;
				CLANG_ENABLE_OBJC_WEAK = YES;
				CLANG_WARN_BLOCK_CAPTURE_AUTORELEASING = YES;
				CLANG_WARN_BOOL_CONVERSION = YES;
				CLANG_WARN_COMMA = YES;
				CLANG_WARN_CONSTANT_CONVERSION = YES;
				CLANG_WARN_DEPRECATED_OBJC_IMPLEMENTATIONS = YES;
				CLANG_WARN_DIRECT_OBJC_ISA_USAGE = YES_ERROR;
				CLANG_WARN_DOCUMENTATION_COMMENTS = YES;
				CLANG_WARN_EMPTY_BODY = YES;
				CLANG_WARN_ENUM_CONVERSION = YES;
				CLANG_WARN_INFINITE_RECURSION = YES;
				CLANG_WARN_INT_CONVERSION = YES;
				CLANG_WARN_NON_LITERAL_NULL_CONVERSION = YES;
				CLANG_WARN_OBJC_IMPLICIT_RETAIN_SELF = YES;
				CLANG_WARN_OBJC_LITERAL_CONVERSION = YES;
				CLANG_WARN_OBJC_ROOT_CLASS = YES_ERROR;
				CLANG_WARN_RANGE_LOOP_ANALYSIS = YES;
				CLANG_WARN_STRICT_PROTOTYPES = YES;
				CLANG_WARN_SUSPICIOUS_MOVE = YES;
				CLANG_WARN_UNGUARDED_AVAILABILITY = YES_AGGRESSIVE;
				CLANG_WARN_UNREACHABLE_CODE = YES;
				CLANG_WARN__DUPLICATE_METHOD_MATCH = YES;
				CODE_SIGN_IDENTITY = "iPhone Developer";
				COPY_PHASE_STRIP = NO;
				DEBUG_INFORMATION_FORMAT = "dwarf-with-dsym";
				ENABLE_NS_ASSERTIONS = NO;
				ENABLE_STRICT_OBJC_MSGSEND = YES;
				GCC_C_LANGUAGE_STANDARD = gnu11;
				GCC_NO_COMMON_BLOCKS = YES;
				GCC_WARN_64_TO_32_BIT_CONVERSION = YES;
				GCC_WARN_ABOUT_RETURN_TYPE = YES_ERROR;
				GCC_WARN_UNDECLARED_SELECTOR = YES;
				GCC_WARN_UNINITIALIZED_AUTOS = YES_AGGRESSIVE;
				GCC_WARN_UNUSED_FUNCTION = YES;
				GCC_WARN_UNUSED_VARIABLE = YES;
				IPHONEOS_DEPLOYMENT_TARGET = 12.1;
				MTL_ENABLE_DEBUG_INFO = NO;
				MTL_FAST_MATH = YES;
				SDKROOT = iphoneos;
				VALIDATE_PRODUCT = YES;
			};
			name = Release;
		};
		90A69B722296761D00102C95 /* Debug */ = {
			isa = XCBuildConfiguration;
			buildSettings = {
				ASSETCATALOG_COMPILER_APPICON_NAME = AppIcon;
				CODE_SIGN_STYLE = Automatic;
				INFOPLIST_FILE = TFCrashSafeKitDemo/Info.plist;
				IPHONEOS_DEPLOYMENT_TARGET = 8.0;
				LD_RUNPATH_SEARCH_PATHS = (
					"$(inherited)",
					"@executable_path/Frameworks",
				);
				PRODUCT_BUNDLE_IDENTIFIER = com.ztf.TFCrashSafeKit.TFCrashSafeKitDemo;
				PRODUCT_NAME = "$(TARGET_NAME)";
				TARGETED_DEVICE_FAMILY = "1,2";
			};
			name = Debug;
		};
		90A69B732296761D00102C95 /* Release */ = {
			isa = XCBuildConfiguration;
			buildSettings = {
				ASSETCATALOG_COMPILER_APPICON_NAME = AppIcon;
				CODE_SIGN_STYLE = Automatic;
				INFOPLIST_FILE = TFCrashSafeKitDemo/Info.plist;
				IPHONEOS_DEPLOYMENT_TARGET = 8.0;
				LD_RUNPATH_SEARCH_PATHS = (
					"$(inherited)",
					"@executable_path/Frameworks",
				);
				PRODUCT_BUNDLE_IDENTIFIER = com.ztf.TFCrashSafeKit.TFCrashSafeKitDemo;
				PRODUCT_NAME = "$(TARGET_NAME)";
				TARGETED_DEVICE_FAMILY = "1,2";
			};
			name = Release;
		};
/* End XCBuildConfiguration section */

/* Begin XCConfigurationList section */
		90A69B562296761D00102C95 /* Build configuration list for PBXProject "TFCrashSafeKitDemo" */ = {
			isa = XCConfigurationList;
			buildConfigurations = (
				90A69B6F2296761D00102C95 /* Debug */,
				90A69B702296761D00102C95 /* Release */,
			);
			defaultConfigurationIsVisible = 0;
			defaultConfigurationName = Release;
		};
		90A69B712296761D00102C95 /* Build configuration list for PBXNativeTarget "TFCrashSafeKitDemo" */ = {
			isa = XCConfigurationList;
			buildConfigurations = (
				90A69B722296761D00102C95 /* Debug */,
				90A69B732296761D00102C95 /* Release */,
			);
			defaultConfigurationIsVisible = 0;
			defaultConfigurationName = Release;
		};
/* End XCConfigurationList section */
	};
	rootObject = 90A69B532296761D00102C95 /* Project object */;
}
